
Microsoft Visual Studio Solution File, Format Version 12.00
# Visual Studio Version 16
VisualStudioVersion = 16.0.29411.138
MinimumVisualStudioVersion = 10.0.40219.1
Project("{9A19103F-16F7-4668-BE54-9A1E7A4F7556}") = "Lab_01", "Lab_01\Lab_01.csproj", "{ED6F3E7E-C817-44CF-AA90-CFF7C0702F38}"
EndProject
Project("{9A19103F-16F7-4668-BE54-9A1E7A4F7556}") = "Lab_02_OOP_Mammals_With_Interface", "Lab_02_OOP_Mammals_With_Interface\Lab_02_OOP_Mammals_With_Interface.csproj", "{6DA9395D-C2D5-4F6C-8536-8B3A9050BE03}"
EndProject
Project("{9A19103F-16F7-4668-BE54-9A1E7A4F7556}") = "Lab_03_OOP_Every_Feature_Combined", "Lab_03_OOP_Every_Feature_Combined\Lab_03_OOP_Every_Feature_Combined.csproj", "{4DF7BF3C-F9CF-4224-B8B9-DA7711289485}"
EndProject
Project("{FAE04EC0-301F-11D3-BF4B-00C04F79EFBC}") = "Lab_04_Connect_To_Raw_SQL", "Lab_04_Connect_To_Raw_SQL\Lab_04_Connect_To_Raw_SQL.csproj", "{9648F2B6-0514-4CCA-9CBA-AD60C8D733F7}"
EndProject
Project("{9A19103F-16F7-4668-BE54-9A1E7A4F7556}") = "Lab_05_CRUD_App_Raw_SQL", "Lab_05_CRUD_App_Raw_SQL\Lab_05_CRUD_App_Raw_SQL.csproj", "{9D3B7F18-19A9-4BD1-B555-0734939C718C}"
EndProject
Project("{9A19103F-16F7-4668-BE54-9A1E7A4F7556}") = "Lab_06_Rabbits_Create_100", "Lab_06_Rabbits_Create_100\Lab_06_Rabbits_Create_100.csproj", "{0EE726D9-9CBC-4909-8F42-0B866D10A96A}"
EndProject
Project("{9A19103F-16F7-4668-BE54-9A1E7A4F7556}") = "Lab_07_Northwind_SQLITE", "Lab_07_Northwind_SQLITE\Lab_07_Northwind_SQLITE.csproj", "{F979F427-934F-4613-B500-8635ED754DD1}"
EndProject
Project("{9A19103F-16F7-4668-BE54-9A1E7A4F7556}") = "NUnit_Tests", "NUnit_Tests\NUnit_Tests.csproj", "{389C4E46-AA4C-407F-96EB-0C83E5A9E557}"
EndProject
Project("{9A19103F-16F7-4668-BE54-9A1E7A4F7556}") = "Lab_08_TDD_Collections", "Lab_08_TDD_Collections\Lab_08_TDD_Collections.csproj", "{0FBDC1FA-BCF4-4BAA-AB9C-5D6234B4AE87}"
EndProject
Project("{9A19103F-16F7-4668-BE54-9A1E7A4F7556}") = "Lab_09_Rabbit_Test", "Lab_09_Rabbit_Test\Lab_09_Rabbit_Test.csproj", "{FBFD121F-799D-43DB-84AE-FA1BA88338AC}"
EndProject
Project("{9A19103F-16F7-4668-BE54-9A1E7A4F7556}") = "Lab_10_Events", "Lab_10_Events\Lab_10_Events.csproj", "{5725D3A5-2829-4D05-95E8-3197A1D73724}"
EndProject
Project("{9A19103F-16F7-4668-BE54-9A1E7A4F7556}") = "Lab_11_Delegates", "Lab_11_Delegates\Lab_11_Delegates.csproj", "{1BAF4B02-F2F2-49B3-9A74-E3E2682DDC8B}"
EndProject
Project("{9A19103F-16F7-4668-BE54-9A1E7A4F7556}") = "Lab_12_OOP_Events", "Lab_12_OOP_Events\Lab_12_OOP_Events.csproj", "{EB646C7A-3D26-44E2-848C-4D11AC0A5AAE}"
EndProject
Project("{FAE04EC0-301F-11D3-BF4B-00C04F79EFBC}") = "Lab_13_WPF_ToDo_Application", "Lab_13_WPF_ToDo_Application\Lab_13_WPF_ToDo_Application.csproj", "{E97E2AD5-7EE4-4A33-BDAE-D225781B13F0}"
EndProject
Project("{2150E333-8FDC-42A3-9474-1A3956D46DE8}") = "Solution Items", "Solution Items", "{BD5D9629-549F-4231-BC1C-9F4E8326FD4C}"
	ProjectSection(SolutionItems) = preProject
		..\README.md = ..\README.md
	EndProjectSection
EndProject
Project("{9A19103F-16F7-4668-BE54-9A1E7A4F7556}") = "Lab_14_LINQ", "Lab_14_LINQ\Lab_14_LINQ.csproj", "{EB0C2685-ECCF-4230-87A1-F3167BB2755F}"
EndProject
Project("{9A19103F-16F7-4668-BE54-9A1E7A4F7556}") = "Lab_15_Tasks", "Lab_15_Tasks\Lab_15_Tasks.csproj", "{5986D3F7-D1BC-4B74-AB52-A4060EF0E680}"
EndProject
Project("{9A19103F-16F7-4668-BE54-9A1E7A4F7556}") = "Lab_16_Tasks", "Lab_16_Tasks\Lab_16_Tasks.csproj", "{349A5402-1E04-4C7B-8E95-CCF451B10C6B}"
EndProject
Project("{FAE04EC0-301F-11D3-BF4B-00C04F79EFBC}") = "Android_01", "Android_01\Android_01.csproj", "{8E5E8B29-31B9-4D07-8D18-C1BCB25D1F9C}"
EndProject
Project("{FAE04EC0-301F-11D3-BF4B-00C04F79EFBC}") = "Lab_17_Northwind_Tests", "Lab_17_Northwind_Tests\Lab_17_Northwind_Tests.csproj", "{591CCB91-EF7F-4ABF-952F-B95BDB216617}"
EndProject
Project("{FAE04EC0-301F-11D3-BF4B-00C04F79EFBC}") = "Lab_17_Northwind_Tests_Code_First", "Lab_17_Northwind_Tests_Code_First\Lab_17_Northwind_Tests_Code_First.csproj", "{CC55D5D8-4708-4F18-AAEC-1DF28EBFC856}"
EndProject
Project("{9A19103F-16F7-4668-BE54-9A1E7A4F7556}") = "Lab_18_Streaming", "Lab_18_Streaming\Lab_18_Streaming.csproj", "{80A25B5F-8C3A-420A-9473-1AF35B518FE4}"
EndProject
Project("{9A19103F-16F7-4668-BE54-9A1E7A4F7556}") = "Lab_19_Http", "Lab_19_Http\Lab_19_Http.csproj", "{486DBAD6-D50C-4D1D-8F6C-7C39F77CF835}"
EndProject
Project("{9A19103F-16F7-4668-BE54-9A1E7A4F7556}") = "Lab_20_Northwind_Products", "Lab_20_Northwind_Products\Lab_20_Northwind_Products.csproj", "{A292B742-9FEF-4175-A452-67B7C3238477}"
EndProject
Project("{9A19103F-16F7-4668-BE54-9A1E7A4F7556}") = "Lab_21_Async_Await", "Lab_21_Async_Await\Lab_21_Async_Await.csproj", "{2936543D-3989-465B-91B1-E0840D90AE9E}"
EndProject
Project("{9A19103F-16F7-4668-BE54-9A1E7A4F7556}") = "Lab_22_Serialization", "Lab_22_Serialization\Lab_22_Serialization.csproj", "{4F839C87-5016-4693-8D72-770DCE6280AA}"
EndProject
Project("{9A19103F-16F7-4668-BE54-9A1E7A4F7556}") = "Lab_23_Serialize_JSON", "Lab_23_Serialize_JSON\Lab_23_Serialize_JSON.csproj", "{870F380F-DDF1-49F9-837A-02A9AA0E281B}"
EndProject
Project("{9A19103F-16F7-4668-BE54-9A1E7A4F7556}") = "Lab_24_Serialize_Binary", "Lab_24_Serialize_Binary\Lab_24_Serialize_Binary.csproj", "{E3546236-219A-4041-92E7-C628F918E6A4}"
EndProject
Project("{FAE04EC0-301F-11D3-BF4B-00C04F79EFBC}") = "Demo_API_Northwind", "Demo_API_Northwind\Demo_API_Northwind.csproj", "{7172A38A-37A0-4781-AA68-2F59F34F92F8}"
EndProject
Project("{E24C65DC-7377-472B-9ABA-BC803B73C61A}") = "HTML", "..\HTML\", "{D8201DDC-344A-4D69-BA4A-A180ACFED69D}"
	ProjectSection(WebsiteProperties) = preProject
		TargetFrameworkMoniker = ".NETFramework,Version%3Dv4.0"
		Debug.AspNetCompiler.VirtualPath = "/localhost_55250"
		Debug.AspNetCompiler.PhysicalPath = "..\HTML\"
		Debug.AspNetCompiler.TargetPath = "PrecompiledWeb\localhost_55250\"
		Debug.AspNetCompiler.Updateable = "true"
		Debug.AspNetCompiler.ForceOverwrite = "true"
		Debug.AspNetCompiler.FixedNames = "false"
		Debug.AspNetCompiler.Debug = "True"
		Release.AspNetCompiler.VirtualPath = "/localhost_55250"
		Release.AspNetCompiler.PhysicalPath = "..\HTML\"
		Release.AspNetCompiler.TargetPath = "PrecompiledWeb\localhost_55250\"
		Release.AspNetCompiler.Updateable = "true"
		Release.AspNetCompiler.ForceOverwrite = "true"
		Release.AspNetCompiler.FixedNames = "false"
		Release.AspNetCompiler.Debug = "False"
		VWDPort = "55250"
		SlnRelativePath = "..\HTML\"
	EndProjectSection
EndProject
Project("{FAE04EC0-301F-11D3-BF4B-00C04F79EFBC}") = "Lab_25_ASP_First_Website", "Lab_25_ASP_First_Website\Lab_25_ASP_First_Website.csproj", "{D241CF2F-E078-48FC-B6C1-462686126012}"
EndProject
Project("{FAE04EC0-301F-11D3-BF4B-00C04F79EFBC}") = "Lab_26_MVC", "Lab_26_MVC\Lab_26_MVC.csproj", "{6E754EFB-4E13-47A7-8A12-9A62DAFA6060}"
EndProject
Project("{9A19103F-16F7-4668-BE54-9A1E7A4F7556}") = "Lab_27_MVC_Core", "Lab_27_MVC_Core\Lab_27_MVC_Core.csproj", "{06646229-70F8-41B3-B49A-069799F7DC30}"
EndProject
Project("{9A19103F-16F7-4668-BE54-9A1E7A4F7556}") = "Lab_28_Fibonacci", "Lab_28_Fibonacci\Lab_28_Fibonacci.csproj", "{AE05DC40-547C-4592-95BD-69A4FE3E5496}"
EndProject
Project("{9A19103F-16F7-4668-BE54-9A1E7A4F7556}") = "Lab_29_Simpsons_Rule_Area_Under_Graph", "Lab_29_Simpsons_Rule_Area_Under_Graph\Lab_29_Simpsons_Rule_Area_Under_Graph.csproj", "{A8E3C0F0-D8FA-4141-94E3-D9A9464091EF}"
EndProject
Project("{9A19103F-16F7-4668-BE54-9A1E7A4F7556}") = "Lab_30_Debugging", "Lab_30_Debugging\Lab_30_Debugging.csproj", "{614B744E-EF1C-41F2-B39D-A8E069F150BC}"
EndProject
Project("{FAE04EC0-301F-11D3-BF4B-00C04F79EFBC}") = "Lab_31_Event_Logging", "Lab_31_Event_Logging\Lab_31_Event_Logging.csproj", "{4FBB2B55-A28B-488F-83EC-F58AD56ACC92}"
EndProject
Project("{9A19103F-16F7-4668-BE54-9A1E7A4F7556}") = "Lab_32_MVC_Core_Entity_Northwind", "Lab_32_MVC_Core_Entity_Northwind\Lab_32_MVC_Core_Entity_Northwind.csproj", "{6F9324C3-C726-426B-AE50-21040ECA566D}"
EndProject
Global
	GlobalSection(SolutionConfigurationPlatforms) = preSolution
		Debug|Any CPU = Debug|Any CPU
		Release|Any CPU = Release|Any CPU
	EndGlobalSection
	GlobalSection(ProjectConfigurationPlatforms) = postSolution
		{ED6F3E7E-C817-44CF-AA90-CFF7C0702F38}.Debug|Any CPU.ActiveCfg = Debug|Any CPU
		{ED6F3E7E-C817-44CF-AA90-CFF7C0702F38}.Debug|Any CPU.Build.0 = Debug|Any CPU
		{ED6F3E7E-C817-44CF-AA90-CFF7C0702F38}.Release|Any CPU.ActiveCfg = Release|Any CPU
		{ED6F3E7E-C817-44CF-AA90-CFF7C0702F38}.Release|Any CPU.Build.0 = Release|Any CPU
		{6DA9395D-C2D5-4F6C-8536-8B3A9050BE03}.Debug|Any CPU.ActiveCfg = Debug|Any CPU
		{6DA9395D-C2D5-4F6C-8536-8B3A9050BE03}.Debug|Any CPU.Build.0 = Debug|Any CPU
		{6DA9395D-C2D5-4F6C-8536-8B3A9050BE03}.Release|Any CPU.ActiveCfg = Release|Any CPU
		{6DA9395D-C2D5-4F6C-8536-8B3A9050BE03}.Release|Any CPU.Build.0 = Release|Any CPU
		{4DF7BF3C-F9CF-4224-B8B9-DA7711289485}.Debug|Any CPU.ActiveCfg = Debug|Any CPU
		{4DF7BF3C-F9CF-4224-B8B9-DA7711289485}.Debug|Any CPU.Build.0 = Debug|Any CPU
		{4DF7BF3C-F9CF-4224-B8B9-DA7711289485}.Release|Any CPU.ActiveCfg = Release|Any CPU
		{4DF7BF3C-F9CF-4224-B8B9-DA7711289485}.Release|Any CPU.Build.0 = Release|Any CPU
		{9648F2B6-0514-4CCA-9CBA-AD60C8D733F7}.Debug|Any CPU.ActiveCfg = Debug|Any CPU
		{9648F2B6-0514-4CCA-9CBA-AD60C8D733F7}.Debug|Any CPU.Build.0 = Debug|Any CPU
		{9648F2B6-0514-4CCA-9CBA-AD60C8D733F7}.Release|Any CPU.ActiveCfg = Release|Any CPU
		{9648F2B6-0514-4CCA-9CBA-AD60C8D733F7}.Release|Any CPU.Build.0 = Release|Any CPU
		{9D3B7F18-19A9-4BD1-B555-0734939C718C}.Debug|Any CPU.ActiveCfg = Debug|Any CPU
		{9D3B7F18-19A9-4BD1-B555-0734939C718C}.Debug|Any CPU.Build.0 = Debug|Any CPU
		{9D3B7F18-19A9-4BD1-B555-0734939C718C}.Release|Any CPU.ActiveCfg = Release|Any CPU
		{9D3B7F18-19A9-4BD1-B555-0734939C718C}.Release|Any CPU.Build.0 = Release|Any CPU
		{0EE726D9-9CBC-4909-8F42-0B866D10A96A}.Debug|Any CPU.ActiveCfg = Debug|Any CPU
		{0EE726D9-9CBC-4909-8F42-0B866D10A96A}.Debug|Any CPU.Build.0 = Debug|Any CPU
		{0EE726D9-9CBC-4909-8F42-0B866D10A96A}.Release|Any CPU.ActiveCfg = Release|Any CPU
		{0EE726D9-9CBC-4909-8F42-0B866D10A96A}.Release|Any CPU.Build.0 = Release|Any CPU
		{F979F427-934F-4613-B500-8635ED754DD1}.Debug|Any CPU.ActiveCfg = Debug|Any CPU
		{F979F427-934F-4613-B500-8635ED754DD1}.Debug|Any CPU.Build.0 = Debug|Any CPU
		{F979F427-934F-4613-B500-8635ED754DD1}.Release|Any CPU.ActiveCfg = Release|Any CPU
		{F979F427-934F-4613-B500-8635ED754DD1}.Release|Any CPU.Build.0 = Release|Any CPU
		{389C4E46-AA4C-407F-96EB-0C83E5A9E557}.Debug|Any CPU.ActiveCfg = Debug|Any CPU
		{389C4E46-AA4C-407F-96EB-0C83E5A9E557}.Debug|Any CPU.Build.0 = Debug|Any CPU
		{389C4E46-AA4C-407F-96EB-0C83E5A9E557}.Release|Any CPU.ActiveCfg = Release|Any CPU
		{389C4E46-AA4C-407F-96EB-0C83E5A9E557}.Release|Any CPU.Build.0 = Release|Any CPU
		{0FBDC1FA-BCF4-4BAA-AB9C-5D6234B4AE87}.Debug|Any CPU.ActiveCfg = Debug|Any CPU
		{0FBDC1FA-BCF4-4BAA-AB9C-5D6234B4AE87}.Debug|Any CPU.Build.0 = Debug|Any CPU
		{0FBDC1FA-BCF4-4BAA-AB9C-5D6234B4AE87}.Release|Any CPU.ActiveCfg = Release|Any CPU
		{0FBDC1FA-BCF4-4BAA-AB9C-5D6234B4AE87}.Release|Any CPU.Build.0 = Release|Any CPU
		{FBFD121F-799D-43DB-84AE-FA1BA88338AC}.Debug|Any CPU.ActiveCfg = Debug|Any CPU
		{FBFD121F-799D-43DB-84AE-FA1BA88338AC}.Debug|Any CPU.Build.0 = Debug|Any CPU
		{FBFD121F-799D-43DB-84AE-FA1BA88338AC}.Release|Any CPU.ActiveCfg = Release|Any CPU
		{FBFD121F-799D-43DB-84AE-FA1BA88338AC}.Release|Any CPU.Build.0 = Release|Any CPU
		{5725D3A5-2829-4D05-95E8-3197A1D73724}.Debug|Any CPU.ActiveCfg = Debug|Any CPU
		{5725D3A5-2829-4D05-95E8-3197A1D73724}.Debug|Any CPU.Build.0 = Debug|Any CPU
		{5725D3A5-2829-4D05-95E8-3197A1D73724}.Release|Any CPU.ActiveCfg = Release|Any CPU
		{5725D3A5-2829-4D05-95E8-3197A1D73724}.Release|Any CPU.Build.0 = Release|Any CPU
		{1BAF4B02-F2F2-49B3-9A74-E3E2682DDC8B}.Debug|Any CPU.ActiveCfg = Debug|Any CPU
		{1BAF4B02-F2F2-49B3-9A74-E3E2682DDC8B}.Debug|Any CPU.Build.0 = Debug|Any CPU
		{1BAF4B02-F2F2-49B3-9A74-E3E2682DDC8B}.Release|Any CPU.ActiveCfg = Release|Any CPU
		{1BAF4B02-F2F2-49B3-9A74-E3E2682DDC8B}.Release|Any CPU.Build.0 = Release|Any CPU
		{EB646C7A-3D26-44E2-848C-4D11AC0A5AAE}.Debug|Any CPU.ActiveCfg = Debug|Any CPU
		{EB646C7A-3D26-44E2-848C-4D11AC0A5AAE}.Debug|Any CPU.Build.0 = Debug|Any CPU
		{EB646C7A-3D26-44E2-848C-4D11AC0A5AAE}.Release|Any CPU.ActiveCfg = Release|Any CPU
		{EB646C7A-3D26-44E2-848C-4D11AC0A5AAE}.Release|Any CPU.Build.0 = Release|Any CPU
		{E97E2AD5-7EE4-4A33-BDAE-D225781B13F0}.Debug|Any CPU.ActiveCfg = Debug|Any CPU
		{E97E2AD5-7EE4-4A33-BDAE-D225781B13F0}.Debug|Any CPU.Build.0 = Debug|Any CPU
		{E97E2AD5-7EE4-4A33-BDAE-D225781B13F0}.Release|Any CPU.ActiveCfg = Release|Any CPU
		{E97E2AD5-7EE4-4A33-BDAE-D225781B13F0}.Release|Any CPU.Build.0 = Release|Any CPU
		{EB0C2685-ECCF-4230-87A1-F3167BB2755F}.Debug|Any CPU.ActiveCfg = Debug|Any CPU
		{EB0C2685-ECCF-4230-87A1-F3167BB2755F}.Debug|Any CPU.Build.0 = Debug|Any CPU
		{EB0C2685-ECCF-4230-87A1-F3167BB2755F}.Release|Any CPU.ActiveCfg = Release|Any CPU
		{EB0C2685-ECCF-4230-87A1-F3167BB2755F}.Release|Any CPU.Build.0 = Release|Any CPU
		{5986D3F7-D1BC-4B74-AB52-A4060EF0E680}.Debug|Any CPU.ActiveCfg = Debug|Any CPU
		{5986D3F7-D1BC-4B74-AB52-A4060EF0E680}.Debug|Any CPU.Build.0 = Debug|Any CPU
		{5986D3F7-D1BC-4B74-AB52-A4060EF0E680}.Release|Any CPU.ActiveCfg = Release|Any CPU
		{5986D3F7-D1BC-4B74-AB52-A4060EF0E680}.Release|Any CPU.Build.0 = Release|Any CPU
		{349A5402-1E04-4C7B-8E95-CCF451B10C6B}.Debug|Any CPU.ActiveCfg = Debug|Any CPU
		{349A5402-1E04-4C7B-8E95-CCF451B10C6B}.Debug|Any CPU.Build.0 = Debug|Any CPU
		{349A5402-1E04-4C7B-8E95-CCF451B10C6B}.Release|Any CPU.ActiveCfg = Release|Any CPU
		{349A5402-1E04-4C7B-8E95-CCF451B10C6B}.Release|Any CPU.Build.0 = Release|Any CPU
		{8E5E8B29-31B9-4D07-8D18-C1BCB25D1F9C}.Debug|Any CPU.ActiveCfg = Debug|Any CPU
		{8E5E8B29-31B9-4D07-8D18-C1BCB25D1F9C}.Debug|Any CPU.Build.0 = Debug|Any CPU
		{8E5E8B29-31B9-4D07-8D18-C1BCB25D1F9C}.Debug|Any CPU.Deploy.0 = Debug|Any CPU
		{8E5E8B29-31B9-4D07-8D18-C1BCB25D1F9C}.Release|Any CPU.ActiveCfg = Release|Any CPU
		{8E5E8B29-31B9-4D07-8D18-C1BCB25D1F9C}.Release|Any CPU.Build.0 = Release|Any CPU
		{8E5E8B29-31B9-4D07-8D18-C1BCB25D1F9C}.Release|Any CPU.Deploy.0 = Release|Any CPU
		{591CCB91-EF7F-4ABF-952F-B95BDB216617}.Debug|Any CPU.ActiveCfg = Debug|Any CPU
		{591CCB91-EF7F-4ABF-952F-B95BDB216617}.Debug|Any CPU.Build.0 = Debug|Any CPU
		{591CCB91-EF7F-4ABF-952F-B95BDB216617}.Release|Any CPU.ActiveCfg = Release|Any CPU
		{591CCB91-EF7F-4ABF-952F-B95BDB216617}.Release|Any CPU.Build.0 = Release|Any CPU
		{CC55D5D8-4708-4F18-AAEC-1DF28EBFC856}.Debug|Any CPU.ActiveCfg = Debug|Any CPU
		{CC55D5D8-4708-4F18-AAEC-1DF28EBFC856}.Debug|Any CPU.Build.0 = Debug|Any CPU
		{CC55D5D8-4708-4F18-AAEC-1DF28EBFC856}.Release|Any CPU.ActiveCfg = Release|Any CPU
		{CC55D5D8-4708-4F18-AAEC-1DF28EBFC856}.Release|Any CPU.Build.0 = Release|Any CPU
		{80A25B5F-8C3A-420A-9473-1AF35B518FE4}.Debug|Any CPU.ActiveCfg = Debug|Any CPU
		{80A25B5F-8C3A-420A-9473-1AF35B518FE4}.Debug|Any CPU.Build.0 = Debug|Any CPU
		{80A25B5F-8C3A-420A-9473-1AF35B518FE4}.Release|Any CPU.ActiveCfg = Release|Any CPU
		{80A25B5F-8C3A-420A-9473-1AF35B518FE4}.Release|Any CPU.Build.0 = Release|Any CPU
		{486DBAD6-D50C-4D1D-8F6C-7C39F77CF835}.Debug|Any CPU.ActiveCfg = Debug|Any CPU
		{486DBAD6-D50C-4D1D-8F6C-7C39F77CF835}.Debug|Any CPU.Build.0 = Debug|Any CPU
		{486DBAD6-D50C-4D1D-8F6C-7C39F77CF835}.Release|Any CPU.ActiveCfg = Release|Any CPU
		{486DBAD6-D50C-4D1D-8F6C-7C39F77CF835}.Release|Any CPU.Build.0 = Release|Any CPU
		{A292B742-9FEF-4175-A452-67B7C3238477}.Debug|Any CPU.ActiveCfg = Debug|Any CPU
		{A292B742-9FEF-4175-A452-67B7C3238477}.Debug|Any CPU.Build.0 = Debug|Any CPU
		{A292B742-9FEF-4175-A452-67B7C3238477}.Release|Any CPU.ActiveCfg = Release|Any CPU
		{A292B742-9FEF-4175-A452-67B7C3238477}.Release|Any CPU.Build.0 = Release|Any CPU
		{2936543D-3989-465B-91B1-E0840D90AE9E}.Debug|Any CPU.ActiveCfg = Debug|Any CPU
		{2936543D-3989-465B-91B1-E0840D90AE9E}.Debug|Any CPU.Build.0 = Debug|Any CPU
		{2936543D-3989-465B-91B1-E0840D90AE9E}.Release|Any CPU.ActiveCfg = Release|Any CPU
		{2936543D-3989-465B-91B1-E0840D90AE9E}.Release|Any CPU.Build.0 = Release|Any CPU
		{4F839C87-5016-4693-8D72-770DCE6280AA}.Debug|Any CPU.ActiveCfg = Debug|Any CPU
		{4F839C87-5016-4693-8D72-770DCE6280AA}.Debug|Any CPU.Build.0 = Debug|Any CPU
		{4F839C87-5016-4693-8D72-770DCE6280AA}.Release|Any CPU.ActiveCfg = Release|Any CPU
		{4F839C87-5016-4693-8D72-770DCE6280AA}.Release|Any CPU.Build.0 = Release|Any CPU
		{870F380F-DDF1-49F9-837A-02A9AA0E281B}.Debug|Any CPU.ActiveCfg = Debug|Any CPU
		{870F380F-DDF1-49F9-837A-02A9AA0E281B}.Debug|Any CPU.Build.0 = Debug|Any CPU
		{870F380F-DDF1-49F9-837A-02A9AA0E281B}.Release|Any CPU.ActiveCfg = Release|Any CPU
		{870F380F-DDF1-49F9-837A-02A9AA0E281B}.Release|Any CPU.Build.0 = Release|Any CPU
		{E3546236-219A-4041-92E7-C628F918E6A4}.Debug|Any CPU.ActiveCfg = Debug|Any CPU
		{E3546236-219A-4041-92E7-C628F918E6A4}.Debug|Any CPU.Build.0 = Debug|Any CPU
		{E3546236-219A-4041-92E7-C628F918E6A4}.Release|Any CPU.ActiveCfg = Release|Any CPU
		{E3546236-219A-4041-92E7-C628F918E6A4}.Release|Any CPU.Build.0 = Release|Any CPU
		{7172A38A-37A0-4781-AA68-2F59F34F92F8}.Debug|Any CPU.ActiveCfg = Debug|Any CPU
		{7172A38A-37A0-4781-AA68-2F59F34F92F8}.Debug|Any CPU.Build.0 = Debug|Any CPU
		{7172A38A-37A0-4781-AA68-2F59F34F92F8}.Release|Any CPU.ActiveCfg = Release|Any CPU
		{7172A38A-37A0-4781-AA68-2F59F34F92F8}.Release|Any CPU.Build.0 = Release|Any CPU
		{D8201DDC-344A-4D69-BA4A-A180ACFED69D}.Debug|Any CPU.ActiveCfg = Debug|Any CPU
		{D8201DDC-344A-4D69-BA4A-A180ACFED69D}.Debug|Any CPU.Build.0 = Debug|Any CPU
		{D8201DDC-344A-4D69-BA4A-A180ACFED69D}.Release|Any CPU.ActiveCfg = Debug|Any CPU
		{D8201DDC-344A-4D69-BA4A-A180ACFED69D}.Release|Any CPU.Build.0 = Debug|Any CPU
		{D241CF2F-E078-48FC-B6C1-462686126012}.Debug|Any CPU.ActiveCfg = Debug|Any CPU
		{D241CF2F-E078-48FC-B6C1-462686126012}.Debug|Any CPU.Build.0 = Debug|Any CPU
		{D241CF2F-E078-48FC-B6C1-462686126012}.Release|Any CPU.ActiveCfg = Release|Any CPU
		{D241CF2F-E078-48FC-B6C1-462686126012}.Release|Any CPU.Build.0 = Release|Any CPU
		{6E754EFB-4E13-47A7-8A12-9A62DAFA6060}.Debug|Any CPU.ActiveCfg = Debug|Any CPU
		{6E754EFB-4E13-47A7-8A12-9A62DAFA6060}.Debug|Any CPU.Build.0 = Debug|Any CPU
		{6E754EFB-4E13-47A7-8A12-9A62DAFA6060}.Release|Any CPU.ActiveCfg = Release|Any CPU
		{6E754EFB-4E13-47A7-8A12-9A62DAFA6060}.Release|Any CPU.Build.0 = Release|Any CPU
		{06646229-70F8-41B3-B49A-069799F7DC30}.Debug|Any CPU.ActiveCfg = Debug|Any CPU
		{06646229-70F8-41B3-B49A-069799F7DC30}.Debug|Any CPU.Build.0 = Debug|Any CPU
		{06646229-70F8-41B3-B49A-069799F7DC30}.Release|Any CPU.ActiveCfg = Release|Any CPU
		{06646229-70F8-41B3-B49A-069799F7DC30}.Release|Any CPU.Build.0 = Release|Any CPU
		{AE05DC40-547C-4592-95BD-69A4FE3E5496}.Debug|Any CPU.ActiveCfg = Debug|Any CPU
		{AE05DC40-547C-4592-95BD-69A4FE3E5496}.Debug|Any CPU.Build.0 = Debug|Any CPU
		{AE05DC40-547C-4592-95BD-69A4FE3E5496}.Release|Any CPU.ActiveCfg = Release|Any CPU
		{AE05DC40-547C-4592-95BD-69A4FE3E5496}.Release|Any CPU.Build.0 = Release|Any CPU
		{A8E3C0F0-D8FA-4141-94E3-D9A9464091EF}.Debug|Any CPU.ActiveCfg = Debug|Any CPU
		{A8E3C0F0-D8FA-4141-94E3-D9A9464091EF}.Debug|Any CPU.Build.0 = Debug|Any CPU
		{A8E3C0F0-D8FA-4141-94E3-D9A9464091EF}.Release|Any CPU.ActiveCfg = Release|Any CPU
		{A8E3C0F0-D8FA-4141-94E3-D9A9464091EF}.Release|Any CPU.Build.0 = Release|Any CPU
		{614B744E-EF1C-41F2-B39D-A8E069F150BC}.Debug|Any CPU.ActiveCfg = Debug|Any CPU
		{614B744E-EF1C-41F2-B39D-A8E069F150BC}.Debug|Any CPU.Build.0 = Debug|Any CPU
		{614B744E-EF1C-41F2-B39D-A8E069F150BC}.Release|Any CPU.ActiveCfg = Release|Any CPU
		{614B744E-EF1C-41F2-B39D-A8E069F150BC}.Release|Any CPU.Build.0 = Release|Any CPU
		{4FBB2B55-A28B-488F-83EC-F58AD56ACC92}.Debug|Any CPU.ActiveCfg = Debug|Any CPU
		{4FBB2B55-A28B-488F-83EC-F58AD56ACC92}.Debug|Any CPU.Build.0 = Debug|Any CPU
		{4FBB2B55-A28B-488F-83EC-F58AD56ACC92}.Release|Any CPU.ActiveCfg = Release|Any CPU
		{4FBB2B55-A28B-488F-83EC-F58AD56ACC92}.Release|Any CPU.Build.0 = Release|Any CPU
		{6F9324C3-C726-426B-AE50-21040ECA566D}.Debug|Any CPU.ActiveCfg = Debug|Any CPU
		{6F9324C3-C726-426B-AE50-21040ECA566D}.Debug|Any CPU.Build.0 = Debug|Any CPU
		{6F9324C3-C726-426B-AE50-21040ECA566D}.Release|Any CPU.ActiveCfg = Release|Any CPU
		{6F9324C3-C726-426B-AE50-21040ECA566D}.Release|Any CPU.Build.0 = Release|Any CPU
	EndGlobalSection
	GlobalSection(SolutionProperties) = preSolution
		HideSolutionNode = FALSE
	EndGlobalSection
	GlobalSection(ExtensibilityGlobals) = postSolution
		SolutionGuid = {8939CA79-C2D9-4C4B-88E5-4FAEE63F16E2}
	EndGlobalSection
EndGlobal
